
Microsoft Visual Studio Solution File, Format Version 11.00
# Visual Studio 2010
Project("{FAE04EC0-301F-11D3-BF4B-00C04F79EFBC}") = "Assembly-CSharp", "Assembly-CSharp.csproj", "{de549f81-80cb-7dff-26ce-25e71be89a88}"
EndProject
Project("{FAE04EC0-301F-11D3-BF4B-00C04F79EFBC}") = "Assembly-CSharp-Editor", "Assembly-CSharp-Editor.csproj", "{3cd8d990-5613-ffdf-5278-24c121248787}"
EndProject
Global
	GlobalSection(SolutionConfigurationPlatforms) = preSolution
		Debug|Any CPU = Debug|Any CPU
	EndGlobalSection
	GlobalSection(ProjectConfigurationPlatforms) = postSolution
		{de549f81-80cb-7dff-26ce-25e71be89a88}.Debug|Any CPU.ActiveCfg = Debug|Any CPU
		{de549f81-80cb-7dff-26ce-25e71be89a88}.Debug|Any CPU.Build.0 = Debug|Any CPU
		{3cd8d990-5613-ffdf-5278-24c121248787}.Debug|Any CPU.ActiveCfg = Debug|Any CPU
		{3cd8d990-5613-ffdf-5278-24c121248787}.Debug|Any CPU.Build.0 = Debug|Any CPU
	EndGlobalSection
	GlobalSection(SolutionProperties) = preSolution
		HideSolutionNode = FALSE
	EndGlobalSection
EndGlobal
